
Microsoft Visual Studio Solution File, Format Version 12.00
# Visual Studio Version 16
VisualStudioVersion = 16.0.808.4
MinimumVisualStudioVersion = 10.0.40219.1
Project("{2150E333-8FDC-42A3-9474-1A3956D46DE8}") = "Sources", "Sources", "{E3EA3428-7F00-47C6-8574-2E3C79DDDC18}"
EndProject
Project("{FAE04EC0-301F-11D3-BF4B-00C04F79EFBC}") = "Rovecode.Lotos", "Sources\Rovecode.Lotos\Rovecode.Lotos.csproj", "{BCE64FC3-CDB0-4F5F-8E59-8605D5126AA2}"
EndProject
Project("{2150E333-8FDC-42A3-9474-1A3956D46DE8}") = "Examples", "Examples", "{6ABD8602-5A7F-488A-8C40-1778245EB17C}"
EndProject
Project("{FAE04EC0-301F-11D3-BF4B-00C04F79EFBC}") = "ConsoleAppExample", "Examples\ConsoleAppExample\ConsoleAppExample.csproj", "{38E1D4A7-0BBA-486A-AB1B-CA9601104BF7}"
EndProject
Project("{2150E333-8FDC-42A3-9474-1A3956D46DE8}") = "Tests", "Tests", "{551E3186-2258-4089-9AA1-7617E98EAFC7}"
EndProject
Project("{2150E333-8FDC-42A3-9474-1A3956D46DE8}") = "Docks", "Docks", "{7BD59EC2-77F2-40EF-8547-84C2550336C1}"
	ProjectSection(SolutionItems) = preProject
		README.md = README.md
	EndProjectSection
EndProject
Project("{FAE04EC0-301F-11D3-BF4B-00C04F79EFBC}") = "Rovecode.Lotos.DependencyInjection", "Sources\Rovecode.Lotos.DependencyInjection\Rovecode.Lotos.DependencyInjection.csproj", "{B1A04467-9ACB-4066-847D-78EC74E371AB}"
EndProject
Project("{FAE04EC0-301F-11D3-BF4B-00C04F79EFBC}") = "AspNetCoreApiExample", "Examples\AspNetCoreApiExample\AspNetCoreApiExample.csproj", "{7FC9A92A-7A34-4183-851F-2711DA44E07E}"
EndProject
Project("{FAE04EC0-301F-11D3-BF4B-00C04F79EFBC}") = "Rovecode.Lotos.Tests", "Tests\Rovecode.Lotos.Tests\Rovecode.Lotos.Tests.csproj", "{4B19FC8B-7B89-4673-892B-FB08AC69F771}"
EndProject
Global
	GlobalSection(SolutionConfigurationPlatforms) = preSolution
		Debug|Any CPU = Debug|Any CPU
		Release|Any CPU = Release|Any CPU
	EndGlobalSection
	GlobalSection(ProjectConfigurationPlatforms) = postSolution
		{BCE64FC3-CDB0-4F5F-8E59-8605D5126AA2}.Debug|Any CPU.ActiveCfg = Debug|Any CPU
		{BCE64FC3-CDB0-4F5F-8E59-8605D5126AA2}.Debug|Any CPU.Build.0 = Debug|Any CPU
		{BCE64FC3-CDB0-4F5F-8E59-8605D5126AA2}.Release|Any CPU.ActiveCfg = Release|Any CPU
		{BCE64FC3-CDB0-4F5F-8E59-8605D5126AA2}.Release|Any CPU.Build.0 = Release|Any CPU
		{38E1D4A7-0BBA-486A-AB1B-CA9601104BF7}.Debug|Any CPU.ActiveCfg = Debug|Any CPU
		{38E1D4A7-0BBA-486A-AB1B-CA9601104BF7}.Debug|Any CPU.Build.0 = Debug|Any CPU
		{38E1D4A7-0BBA-486A-AB1B-CA9601104BF7}.Release|Any CPU.ActiveCfg = Release|Any CPU
		{38E1D4A7-0BBA-486A-AB1B-CA9601104BF7}.Release|Any CPU.Build.0 = Release|Any CPU
		{B1A04467-9ACB-4066-847D-78EC74E371AB}.Debug|Any CPU.ActiveCfg = Debug|Any CPU
		{B1A04467-9ACB-4066-847D-78EC74E371AB}.Debug|Any CPU.Build.0 = Debug|Any CPU
		{B1A04467-9ACB-4066-847D-78EC74E371AB}.Release|Any CPU.ActiveCfg = Release|Any CPU
		{B1A04467-9ACB-4066-847D-78EC74E371AB}.Release|Any CPU.Build.0 = Release|Any CPU
		{7FC9A92A-7A34-4183-851F-2711DA44E07E}.Debug|Any CPU.ActiveCfg = Debug|Any CPU
		{7FC9A92A-7A34-4183-851F-2711DA44E07E}.Debug|Any CPU.Build.0 = Debug|Any CPU
		{7FC9A92A-7A34-4183-851F-2711DA44E07E}.Release|Any CPU.ActiveCfg = Release|Any CPU
		{7FC9A92A-7A34-4183-851F-2711DA44E07E}.Release|Any CPU.Build.0 = Release|Any CPU
		{4B19FC8B-7B89-4673-892B-FB08AC69F771}.Debug|Any CPU.ActiveCfg = Debug|Any CPU
		{4B19FC8B-7B89-4673-892B-FB08AC69F771}.Debug|Any CPU.Build.0 = Debug|Any CPU
		{4B19FC8B-7B89-4673-892B-FB08AC69F771}.Release|Any CPU.ActiveCfg = Release|Any CPU
		{4B19FC8B-7B89-4673-892B-FB08AC69F771}.Release|Any CPU.Build.0 = Release|Any CPU
	EndGlobalSection
	GlobalSection(SolutionProperties) = preSolution
		HideSolutionNode = FALSE
	EndGlobalSection
	GlobalSection(ExtensibilityGlobals) = postSolution
		SolutionGuid = {0800B81B-2431-4977-8B41-6CF11FB829A3}
	EndGlobalSection
	GlobalSection(NestedProjects) = preSolution
		{BCE64FC3-CDB0-4F5F-8E59-8605D5126AA2} = {E3EA3428-7F00-47C6-8574-2E3C79DDDC18}
		{38E1D4A7-0BBA-486A-AB1B-CA9601104BF7} = {6ABD8602-5A7F-488A-8C40-1778245EB17C}
		{B1A04467-9ACB-4066-847D-78EC74E371AB} = {E3EA3428-7F00-47C6-8574-2E3C79DDDC18}
		{7FC9A92A-7A34-4183-851F-2711DA44E07E} = {6ABD8602-5A7F-488A-8C40-1778245EB17C}
		{4B19FC8B-7B89-4673-892B-FB08AC69F771} = {551E3186-2258-4089-9AA1-7617E98EAFC7}
	EndGlobalSection
	GlobalSection(MonoDevelopProperties) = preSolution
		version = 0.2.0
	EndGlobalSection
EndGlobal
